// !$*UTF8*$!
{
	archiveVersion = 1;
	classes = {
	};
	objectVersion = 77;
	objects = {

/* Begin PBXBuildFile section */
		400286892DC78581002A3D68 /* Scripts in Resources */ = {isa = PBXBuildFile; fileRef = 400286882DC78581002A3D68 /* Scripts */; };
		408AC4BF2DC7B6EE00ED87D4 /* autocomplete.py in Resources */ = {isa = PBXBuildFile; fileRef = 408AC4BC2DC7B6EE00ED87D4 /* autocomplete.py */; };
		408AC4C02DC7B6EE00ED87D4 /* requirements.txt in Resources */ = {isa = PBXBuildFile; fileRef = 408AC4BD2DC7B6EE00ED87D4 /* requirements.txt */; };
		40C0B9A42E15258500F0DD0D /* main_llm.py in Resources */ = {isa = PBXBuildFile; fileRef = 40C0B9A32E15258500F0DD0D /* main_llm.py */; };
		761406632E2980D500481A70 /* attention.py in Resources */ = {isa = PBXBuildFile; fileRef = 761406622E2980D500481A70 /* attention.py */; };
		7634DCEB2E241AA800C5A3D9 /* embedding_processor.py in Resources */ = {isa = PBXBuildFile; fileRef = 7634DCEA2E241AA800C5A3D9 /* embedding_processor.py */; };
		7634DCF12E241CBD00C5A3D9 /* text_to_embeddings.py in Resources */ = {isa = PBXBuildFile; fileRef = 7634DCF02E241CBD00C5A3D9 /* text_to_embeddings.py */; };
		7634DCF32E24282100C5A3D9 /* config.env in Resources */ = {isa = PBXBuildFile; fileRef = 7634DCF22E24282100C5A3D9 /* config.env */; };
		766B4C212E1C5B93008E73F5 /* min_p_sampling.py in Resources */ = {isa = PBXBuildFile; fileRef = 766B4C202E1C5B93008E73F5 /* min_p_sampling.py */; };
		76D31FC22E01EC4A00F35B70 /* audio.py in Resources */ = {isa = PBXBuildFile; fileRef = 76D31FC12E01EC4A00F35B70 /* audio.py */; };
/* End PBXBuildFile section */

/* Begin PBXFileReference section */
		400286882DC78581002A3D68 /* Scripts */ = {isa = PBXFileReference; lastKnownFileType = folder; path = Scripts; sourceTree = "<group>"; };
		408AC4BC2DC7B6EE00ED87D4 /* autocomplete.py */ = {isa = PBXFileReference; lastKnownFileType = text.script.python; name = autocomplete.py; path = Resources/autocomplete.py; sourceTree = "<group>"; };
		408AC4BD2DC7B6EE00ED87D4 /* requirements.txt */ = {isa = PBXFileReference; lastKnownFileType = text; name = requirements.txt; path = Resources/requirements.txt; sourceTree = "<group>"; };
		408B41602DCBA8A800318056 /* Info.plist */ = {isa = PBXFileReference; lastKnownFileType = text.plist.xml; path = Info.plist; sourceTree = "<group>"; };
		40C0B9A32E15258500F0DD0D /* main_llm.py */ = {isa = PBXFileReference; lastKnownFileType = text.script.python; name = main_llm.py; path = Resources/main_llm.py; sourceTree = "<group>"; };
		40C7315F2DC63936004D753D /* Killah Prototype.app */ = {isa = PBXFileReference; explicitFileType = wrapper.application; includeInIndex = 0; path = "Killah Prototype.app"; sourceTree = BUILT_PRODUCTS_DIR; };
		761406622E2980D500481A70 /* attention.py */ = {isa = PBXFileReference; lastKnownFileType = text.script.python; name = attention.py; path = Resources/attention.py; sourceTree = "<group>"; };
		7634DCEA2E241AA800C5A3D9 /* embedding_processor.py */ = {isa = PBXFileReference; lastKnownFileType = text.script.python; name = embedding_processor.py; path = Resources/embedding_processor.py; sourceTree = "<group>"; };
		7634DCF02E241CBD00C5A3D9 /* text_to_embeddings.py */ = {isa = PBXFileReference; lastKnownFileType = text.script.python; name = text_to_embeddings.py; path = Resources/text_to_embeddings.py; sourceTree = "<group>"; };
		7634DCF22E24282100C5A3D9 /* config.env */ = {isa = PBXFileReference; lastKnownFileType = text; name = config.env; path = Resources/config.env; sourceTree = "<group>"; };
		766B4C202E1C5B93008E73F5 /* min_p_sampling.py */ = {isa = PBXFileReference; lastKnownFileType = text.script.python; name = min_p_sampling.py; path = Resources/min_p_sampling.py; sourceTree = "<group>"; };
		76D31FC12E01EC4A00F35B70 /* audio.py */ = {isa = PBXFileReference; lastKnownFileType = text.script.python; name = audio.py; path = Resources/audio.py; sourceTree = "<group>"; };
/* End PBXFileReference section */

/* Begin PBXFileSystemSynchronizedRootGroup section */
		40C731612DC63936004D753D /* Killah Prototype */ = {
			isa = PBXFileSystemSynchronizedRootGroup;
			path = "Killah Prototype";
			sourceTree = "<group>";
		};
/* End PBXFileSystemSynchronizedRootGroup section */

/* Begin PBXFrameworksBuildPhase section */
		40C7315C2DC63936004D753D /* Frameworks */ = {
			isa = PBXFrameworksBuildPhase;
			buildActionMask = 2147483647;
			files = (
			);
			runOnlyForDeploymentPostprocessing = 0;
		};
/* End PBXFrameworksBuildPhase section */

/* Begin PBXGroup section */
		40C731562DC63936004D753D = {
			isa = PBXGroup;
			children = (
				761406622E2980D500481A70 /* attention.py */,
				7634DCF22E24282100C5A3D9 /* config.env */,
				7634DCF02E241CBD00C5A3D9 /* text_to_embeddings.py */,
				7634DCEA2E241AA800C5A3D9 /* embedding_processor.py */,
				766B4C202E1C5B93008E73F5 /* min_p_sampling.py */,
				40C0B9A32E15258500F0DD0D /* main_llm.py */,
				76D31FC12E01EC4A00F35B70 /* audio.py */,
				408B41602DCBA8A800318056 /* Info.plist */,
				408AC4BC2DC7B6EE00ED87D4 /* autocomplete.py */,
				408AC4BD2DC7B6EE00ED87D4 /* requirements.txt */,
				400286882DC78581002A3D68 /* Scripts */,
				40C731612DC63936004D753D /* Killah Prototype */,
				40C731602DC63936004D753D /* Products */,
			);
			sourceTree = "<group>";
		};
		40C731602DC63936004D753D /* Products */ = {
			isa = PBXGroup;
			children = (
				40C7315F2DC63936004D753D /* Killah Prototype.app */,
			);
			name = Products;
			sourceTree = "<group>";
		};
/* End PBXGroup section */

/* Begin PBXNativeTarget section */
		40C7315E2DC63936004D753D /* Killah Prototype */ = {
			isa = PBXNativeTarget;
			buildConfigurationList = 40C7316B2DC63938004D753D /* Build configuration list for PBXNativeTarget "Killah Prototype" */;
			buildPhases = (
				40C7315B2DC63936004D753D /* Sources */,
				40C7315C2DC63936004D753D /* Frameworks */,
				40C7315D2DC63936004D753D /* Resources */,
				400286852DC77D5A002A3D68 /* Package Python */,
			);
			buildRules = (
			);
			dependencies = (
			);
			fileSystemSynchronizedGroups = (
				40C731612DC63936004D753D /* Killah Prototype */,
			);
			name = "Killah Prototype";
			packageProductDependencies = (
			);
			productName = "Killah Prototype";
			productReference = 40C7315F2DC63936004D753D /* Killah Prototype.app */;
			productType = "com.apple.product-type.application";
		};
/* End PBXNativeTarget section */

/* Begin PBXProject section */
		40C731572DC63936004D753D /* Project object */ = {
			isa = PBXProject;
			attributes = {
				BuildIndependentTargetsInParallel = 1;
				LastSwiftUpdateCheck = 1630;
				LastUpgradeCheck = 2600;
				TargetAttributes = {
					40C7315E2DC63936004D753D = {
						CreatedOnToolsVersion = 16.3;
					};
				};
			};
			buildConfigurationList = 40C7315A2DC63936004D753D /* Build configuration list for PBXProject "Killah Prototype" */;
			developmentRegion = en;
			hasScannedForEncodings = 0;
			knownRegions = (
				en,
				Base,
				ru,
			);
			mainGroup = 40C731562DC63936004D753D;
			minimizedProjectReferenceProxies = 1;
			packageReferences = (
			);
			preferredProjectObjectVersion = 77;
			productRefGroup = 40C731602DC63936004D753D /* Products */;
			projectDirPath = "";
			projectRoot = "";
			targets = (
				40C7315E2DC63936004D753D /* Killah Prototype */,
			);
		};
/* End PBXProject section */

/* Begin PBXResourcesBuildPhase section */
		40C7315D2DC63936004D753D /* Resources */ = {
			isa = PBXResourcesBuildPhase;
			buildActionMask = 2147483647;
			files = (
				761406632E2980D500481A70 /* attention.py in Resources */,
				7634DCF32E24282100C5A3D9 /* config.env in Resources */,
				7634DCF12E241CBD00C5A3D9 /* text_to_embeddings.py in Resources */,
				7634DCEB2E241AA800C5A3D9 /* embedding_processor.py in Resources */,
				766B4C212E1C5B93008E73F5 /* min_p_sampling.py in Resources */,
				40C0B9A42E15258500F0DD0D /* main_llm.py in Resources */,
				76D31FC22E01EC4A00F35B70 /* audio.py in Resources */,
				408AC4BF2DC7B6EE00ED87D4 /* autocomplete.py in Resources */,
				408AC4C02DC7B6EE00ED87D4 /* requirements.txt in Resources */,
				400286892DC78581002A3D68 /* Scripts in Resources */,
			);
			runOnlyForDeploymentPostprocessing = 0;
		};
/* End PBXResourcesBuildPhase section */

/* Begin PBXShellScriptBuildPhase section */
		400286852DC77D5A002A3D68 /* Package Python */ = {
			isa = PBXShellScriptBuildPhase;
			buildActionMask = 2147483647;
			files = (
			);
			inputFileListPaths = (
			);
			inputPaths = (
				"$(SRCROOT)/Scripts/package_app.sh",
				"$(SRCROOT)/Resources/requirements.txt",
			);
			name = "Package Python";
			outputFileListPaths = (
			);
			outputPaths = (
				"$(BUILT_PRODUCTS_DIR)/$(PRODUCT_NAME).app/Contents/Resources/Python.framework",
				"$(BUILT_PRODUCTS_DIR)/$(PRODUCT_NAME).app/Contents/Resources/venv",
			);
			runOnlyForDeploymentPostprocessing = 0;
			shellPath = /bin/bash;
			shellScript = "set -e\necho \"🚀 Starting Package Python script\"\necho \"BUILT_PRODUCTS_DIR: $BUILT_PRODUCTS_DIR\"\necho \"PRODUCT_NAME: $PRODUCT_NAME\"\nbash \"${SRCROOT}/Scripts/package_app.sh\"\necho \"✅ Package Python script completed\"\n";
		};
/* End PBXShellScriptBuildPhase section */

/* Begin PBXSourcesBuildPhase section */
		40C7315B2DC63936004D753D /* Sources */ = {
			isa = PBXSourcesBuildPhase;
			buildActionMask = 2147483647;
			files = (
			);
			runOnlyForDeploymentPostprocessing = 0;
		};
/* End PBXSourcesBuildPhase section */

/* Begin XCBuildConfiguration section */
		40C731692DC63938004D753D /* Debug */ = {
			isa = XCBuildConfiguration;
			buildSettings = {
				ALWAYS_SEARCH_USER_PATHS = NO;
				ASSETCATALOG_COMPILER_GENERATE_SWIFT_ASSET_SYMBOL_EXTENSIONS = YES;
				CLANG_ANALYZER_NONNULL = YES;
				CLANG_ANALYZER_NUMBER_OBJECT_CONVERSION = YES_AGGRESSIVE;
				CLANG_CXX_LANGUAGE_STANDARD = "gnu++20";
				CLANG_ENABLE_MODULES = YES;
				CLANG_ENABLE_OBJC_ARC = YES;
				CLANG_ENABLE_OBJC_WEAK = YES;
				CLANG_WARN_BLOCK_CAPTURE_AUTORELEASING = YES;
				CLANG_WARN_BOOL_CONVERSION = YES;
				CLANG_WARN_COMMA = YES;
				CLANG_WARN_CONSTANT_CONVERSION = YES;
				CLANG_WARN_DEPRECATED_OBJC_IMPLEMENTATIONS = YES;
				CLANG_WARN_DIRECT_OBJC_ISA_USAGE = YES_ERROR;
				CLANG_WARN_DOCUMENTATION_COMMENTS = YES;
				CLANG_WARN_EMPTY_BODY = YES;
				CLANG_WARN_ENUM_CONVERSION = YES;
				CLANG_WARN_INFINITE_RECURSION = YES;
				CLANG_WARN_INT_CONVERSION = YES;
				CLANG_WARN_NON_LITERAL_NULL_CONVERSION = YES;
				CLANG_WARN_OBJC_IMPLICIT_RETAIN_SELF = YES;
				CLANG_WARN_OBJC_LITERAL_CONVERSION = YES;
				CLANG_WARN_OBJC_ROOT_CLASS = YES_ERROR;
				CLANG_WARN_QUOTED_INCLUDE_IN_FRAMEWORK_HEADER = YES;
				CLANG_WARN_RANGE_LOOP_ANALYSIS = YES;
				CLANG_WARN_STRICT_PROTOTYPES = YES;
				CLANG_WARN_SUSPICIOUS_MOVE = YES;
				CLANG_WARN_UNGUARDED_AVAILABILITY = YES_AGGRESSIVE;
				CLANG_WARN_UNREACHABLE_CODE = YES;
				CLANG_WARN__DUPLICATE_METHOD_MATCH = YES;
				COPY_PHASE_STRIP = NO;
				DEAD_CODE_STRIPPING = YES;
				DEBUG_INFORMATION_FORMAT = dwarf;
				DEVELOPMENT_TEAM = 4Q826KG7YN;
				ENABLE_STRICT_OBJC_MSGSEND = YES;
				ENABLE_TESTABILITY = YES;
				ENABLE_USER_SCRIPT_SANDBOXING = NO;
				GCC_C_LANGUAGE_STANDARD = gnu17;
				GCC_DYNAMIC_NO_PIC = NO;
				GCC_NO_COMMON_BLOCKS = YES;
				GCC_OPTIMIZATION_LEVEL = 0;
				GCC_PREPROCESSOR_DEFINITIONS = (
					"DEBUG=1",
					"$(inherited)",
				);
				GCC_WARN_64_TO_32_BIT_CONVERSION = YES;
				GCC_WARN_ABOUT_RETURN_TYPE = YES_ERROR;
				GCC_WARN_UNDECLARED_SELECTOR = YES;
				GCC_WARN_UNINITIALIZED_AUTOS = YES_AGGRESSIVE;
				GCC_WARN_UNUSED_FUNCTION = YES;
				GCC_WARN_UNUSED_VARIABLE = YES;
				GENERATE_INFOPLIST_FILE = YES;
				LOCALIZATION_PREFERS_STRING_CATALOGS = YES;
				MTL_ENABLE_DEBUG_INFO = INCLUDE_SOURCE;
				MTL_FAST_MATH = YES;
				ONLY_ACTIVE_ARCH = YES;
				STRING_CATALOG_GENERATE_SYMBOLS = YES;
				SWIFT_ACTIVE_COMPILATION_CONDITIONS = "DEBUG $(inherited)";
				SWIFT_OPTIMIZATION_LEVEL = "-Onone";
			};
			name = Debug;
		};
		40C7316A2DC63938004D753D /* Release */ = {
			isa = XCBuildConfiguration;
			buildSettings = {
				ALWAYS_SEARCH_USER_PATHS = NO;
				ASSETCATALOG_COMPILER_GENERATE_SWIFT_ASSET_SYMBOL_EXTENSIONS = YES;
				CLANG_ANALYZER_NONNULL = YES;
				CLANG_ANALYZER_NUMBER_OBJECT_CONVERSION = YES_AGGRESSIVE;
				CLANG_CXX_LANGUAGE_STANDARD = "gnu++20";
				CLANG_ENABLE_MODULES = YES;
				CLANG_ENABLE_OBJC_ARC = YES;
				CLANG_ENABLE_OBJC_WEAK = YES;
				CLANG_WARN_BLOCK_CAPTURE_AUTORELEASING = YES;
				CLANG_WARN_BOOL_CONVERSION = YES;
				CLANG_WARN_COMMA = YES;
				CLANG_WARN_CONSTANT_CONVERSION = YES;
				CLANG_WARN_DEPRECATED_OBJC_IMPLEMENTATIONS = YES;
				CLANG_WARN_DIRECT_OBJC_ISA_USAGE = YES_ERROR;
				CLANG_WARN_DOCUMENTATION_COMMENTS = YES;
				CLANG_WARN_EMPTY_BODY = YES;
				CLANG_WARN_ENUM_CONVERSION = YES;
				CLANG_WARN_INFINITE_RECURSION = YES;
				CLANG_WARN_INT_CONVERSION = YES;
				CLANG_WARN_NON_LITERAL_NULL_CONVERSION = YES;
				CLANG_WARN_OBJC_IMPLICIT_RETAIN_SELF = YES;
				CLANG_WARN_OBJC_LITERAL_CONVERSION = YES;
				CLANG_WARN_OBJC_ROOT_CLASS = YES_ERROR;
				CLANG_WARN_QUOTED_INCLUDE_IN_FRAMEWORK_HEADER = YES;
				CLANG_WARN_RANGE_LOOP_ANALYSIS = YES;
				CLANG_WARN_STRICT_PROTOTYPES = YES;
				CLANG_WARN_SUSPICIOUS_MOVE = YES;
				CLANG_WARN_UNGUARDED_AVAILABILITY = YES_AGGRESSIVE;
				CLANG_WARN_UNREACHABLE_CODE = YES;
				CLANG_WARN__DUPLICATE_METHOD_MATCH = YES;
				COPY_PHASE_STRIP = NO;
				DEAD_CODE_STRIPPING = YES;
				DEBUG_INFORMATION_FORMAT = "dwarf-with-dsym";
				DEVELOPMENT_TEAM = 4Q826KG7YN;
				ENABLE_NS_ASSERTIONS = NO;
				ENABLE_STRICT_OBJC_MSGSEND = YES;
				ENABLE_USER_SCRIPT_SANDBOXING = NO;
				GCC_C_LANGUAGE_STANDARD = gnu17;
				GCC_NO_COMMON_BLOCKS = YES;
				GCC_WARN_64_TO_32_BIT_CONVERSION = YES;
				GCC_WARN_ABOUT_RETURN_TYPE = YES_ERROR;
				GCC_WARN_UNDECLARED_SELECTOR = YES;
				GCC_WARN_UNINITIALIZED_AUTOS = YES_AGGRESSIVE;
				GCC_WARN_UNUSED_FUNCTION = YES;
				GCC_WARN_UNUSED_VARIABLE = YES;
				GENERATE_INFOPLIST_FILE = YES;
				LOCALIZATION_PREFERS_STRING_CATALOGS = YES;
				MTL_ENABLE_DEBUG_INFO = NO;
				MTL_FAST_MATH = YES;
				STRING_CATALOG_GENERATE_SYMBOLS = YES;
				SWIFT_COMPILATION_MODE = wholemodule;
			};
			name = Release;
		};
		40C7316C2DC63938004D753D /* Debug */ = {
			isa = XCBuildConfiguration;
			buildSettings = {
				ASSETCATALOG_COMPILER_APPICON_NAME = AppIcon;
				ASSETCATALOG_COMPILER_GLOBAL_ACCENT_COLOR_NAME = AccentColor;
				ASSETCATALOG_COMPILER_INCLUDE_ALL_APPICON_ASSETS = YES;
				CODE_SIGN_ALLOW_ENTITLEMENTS_MODIFICATION = YES;
				CODE_SIGN_ENTITLEMENTS = "Killah Prototype/Killah_Prototype.entitlements";
				CODE_SIGN_STYLE = Automatic;
				CURRENT_PROJECT_VERSION = 1;
				DEAD_CODE_STRIPPING = YES;
				DEVELOPMENT_TEAM = FK825CF827;
				ENABLE_APP_SANDBOX = YES;
				ENABLE_HARDENED_RUNTIME = YES;
				ENABLE_OUTGOING_NETWORK_CONNECTIONS = YES;
				ENABLE_PREVIEWS = YES;
				ENABLE_RESOURCE_ACCESS_AUDIO_INPUT = YES;
				ENABLE_USER_SELECTED_FILES = readwrite;
				GENERATE_INFOPLIST_FILE = NO;
				"INFOPLIST_FILE[sdk=*]" = Info.plist;
				INFOPLIST_KEY_LSApplicationCategoryType = "public.app-category.productivity";
				"INFOPLIST_KEY_UIApplicationSceneManifest_Generation[sdk=iphoneos*]" = YES;
				"INFOPLIST_KEY_UIApplicationSceneManifest_Generation[sdk=iphonesimulator*]" = YES;
				"INFOPLIST_KEY_UIApplicationSupportsIndirectInputEvents[sdk=iphoneos*]" = YES;
				"INFOPLIST_KEY_UIApplicationSupportsIndirectInputEvents[sdk=iphonesimulator*]" = YES;
				"INFOPLIST_KEY_UILaunchScreen_Generation[sdk=iphoneos*]" = YES;
				"INFOPLIST_KEY_UILaunchScreen_Generation[sdk=iphonesimulator*]" = YES;
				"INFOPLIST_KEY_UIStatusBarStyle[sdk=iphoneos*]" = UIStatusBarStyleDefault;
				"INFOPLIST_KEY_UIStatusBarStyle[sdk=iphonesimulator*]" = UIStatusBarStyleDefault;
				INFOPLIST_KEY_UISupportedInterfaceOrientations_iPad = "UIInterfaceOrientationPortrait UIInterfaceOrientationPortraitUpsideDown UIInterfaceOrientationLandscapeLeft UIInterfaceOrientationLandscapeRight";
				INFOPLIST_KEY_UISupportedInterfaceOrientations_iPhone = "UIInterfaceOrientationPortrait UIInterfaceOrientationLandscapeLeft UIInterfaceOrientationLandscapeRight";
				IPHONEOS_DEPLOYMENT_TARGET = 18.4;
				LD_RUNPATH_SEARCH_PATHS = "@executable_path/Frameworks";
				"LD_RUNPATH_SEARCH_PATHS[sdk=macosx*]" = "@executable_path/../Frameworks";
				LIBRARY_SEARCH_PATHS = "";
				MACOSX_DEPLOYMENT_TARGET = 15.0;
				MARKETING_VERSION = 1.0;
				PRODUCT_BUNDLE_IDENTIFIER = "com.vladotpad.Killah-Prototype";
				PRODUCT_NAME = "$(TARGET_NAME)";
				REGISTER_APP_GROUPS = YES;
				SDKROOT = macosx;
				SUPPORTED_PLATFORMS = macosx;
				SUPPORTS_MACCATALYST = NO;
				SWIFT_EMIT_LOC_STRINGS = YES;
				SWIFT_VERSION = 5.0;
				XROS_DEPLOYMENT_TARGET = 2.4;
			};
			name = Debug;
		};
		40C7316D2DC63938004D753D /* Release */ = {
			isa = XCBuildConfiguration;
			buildSettings = {
				ASSETCATALOG_COMPILER_APPICON_NAME = AppIcon;
				ASSETCATALOG_COMPILER_GLOBAL_ACCENT_COLOR_NAME = AccentColor;
				ASSETCATALOG_COMPILER_INCLUDE_ALL_APPICON_ASSETS = YES;
				CODE_SIGN_ALLOW_ENTITLEMENTS_MODIFICATION = YES;
				CODE_SIGN_ENTITLEMENTS = "Killah Prototype/Killah_Prototype.entitlements";
				CODE_SIGN_STYLE = Automatic;
				CURRENT_PROJECT_VERSION = 1;
				DEAD_CODE_STRIPPING = YES;
				DEVELOPMENT_TEAM = FK825CF827;
				ENABLE_APP_SANDBOX = YES;
				ENABLE_HARDENED_RUNTIME = YES;
				ENABLE_OUTGOING_NETWORK_CONNECTIONS = YES;
				ENABLE_PREVIEWS = YES;
				ENABLE_RESOURCE_ACCESS_AUDIO_INPUT = YES;
				ENABLE_USER_SELECTED_FILES = readwrite;
				GENERATE_INFOPLIST_FILE = NO;
				"INFOPLIST_FILE[sdk=*]" = Info.plist;
				INFOPLIST_KEY_LSApplicationCategoryType = "public.app-category.productivity";
				"INFOPLIST_KEY_UIApplicationSceneManifest_Generation[sdk=iphoneos*]" = YES;
				"INFOPLIST_KEY_UIApplicationSceneManifest_Generation[sdk=iphonesimulator*]" = YES;
				"INFOPLIST_KEY_UIApplicationSupportsIndirectInputEvents[sdk=iphoneos*]" = YES;
				"INFOPLIST_KEY_UIApplicationSupportsIndirectInputEvents[sdk=iphonesimulator*]" = YES;
				"INFOPLIST_KEY_UILaunchScreen_Generation[sdk=iphoneos*]" = YES;
				"INFOPLIST_KEY_UILaunchScreen_Generation[sdk=iphonesimulator*]" = YES;
				"INFOPLIST_KEY_UIStatusBarStyle[sdk=iphoneos*]" = UIStatusBarStyleDefault;
				"INFOPLIST_KEY_UIStatusBarStyle[sdk=iphonesimulator*]" = UIStatusBarStyleDefault;
				INFOPLIST_KEY_UISupportedInterfaceOrientations_iPad = "UIInterfaceOrientationPortrait UIInterfaceOrientationPortraitUpsideDown UIInterfaceOrientationLandscapeLeft UIInterfaceOrientationLandscapeRight";
				INFOPLIST_KEY_UISupportedInterfaceOrientations_iPhone = "UIInterfaceOrientationPortrait UIInterfaceOrientationLandscapeLeft UIInterfaceOrientationLandscapeRight";
				IPHONEOS_DEPLOYMENT_TARGET = 18.4;
				LD_RUNPATH_SEARCH_PATHS = "@executable_path/Frameworks";
				"LD_RUNPATH_SEARCH_PATHS[sdk=macosx*]" = "@executable_path/../Frameworks";
				LIBRARY_SEARCH_PATHS = "";
				MACOSX_DEPLOYMENT_TARGET = 15.0;
				MARKETING_VERSION = 1.0;
				PRODUCT_BUNDLE_IDENTIFIER = "com.vladotpad.Killah-Prototype";
				PRODUCT_NAME = "$(TARGET_NAME)";
				REGISTER_APP_GROUPS = YES;
				SDKROOT = macosx;
				SUPPORTED_PLATFORMS = macosx;
				SUPPORTS_MACCATALYST = NO;
				SWIFT_EMIT_LOC_STRINGS = YES;
				SWIFT_VERSION = 5.0;
				XROS_DEPLOYMENT_TARGET = 2.4;
			};
			name = Release;
		};
/* End XCBuildConfiguration section */

/* Begin XCConfigurationList section */
		40C7315A2DC63936004D753D /* Build configuration list for PBXProject "Killah Prototype" */ = {
			isa = XCConfigurationList;
			buildConfigurations = (
				40C731692DC63938004D753D /* Debug */,
				40C7316A2DC63938004D753D /* Release */,
			);
			defaultConfigurationIsVisible = 0;
			defaultConfigurationName = Release;
		};
		40C7316B2DC63938004D753D /* Build configuration list for PBXNativeTarget "Killah Prototype" */ = {
			isa = XCConfigurationList;
			buildConfigurations = (
				40C7316C2DC63938004D753D /* Debug */,
				40C7316D2DC63938004D753D /* Release */,
			);
			defaultConfigurationIsVisible = 0;
			defaultConfigurationName = Release;
		};
/* End XCConfigurationList section */
	};
	rootObject = 40C731572DC63936004D753D /* Project object */;
}
